{
  "meteor": {},
  "dependencies": {
    "basePackages": {
      "bootstrap-3": {},
      "iron-router": {},
      "meteor-telescope": {
        "path": "../../meteor-telescope"
      }
    },
    "packages": {
      "bootstrap-3": {
        "git": "https://github.com/mangasocial/meteor-bootstrap-3.git",
        "tag": "v3.1.1-1",
        "commit": "63dd38968828bb8963636df93e9a1c45e2dfe67e"
      },
      "iron-router": {
        "git": "https://github.com/EventedMind/iron-router.git",
        "tag": "v0.6.4",
        "commit": "927bbaed1b87894fb6fb70807f74ff3a5bd89f29"
      },
      "meteor-telescope": {
        "path": "../../meteor-telescope"
      },
      "jquery": {
        "git": "https://github.com/nrafter/meteor-jquery.git",
        "tag": "v2.0.31",
        "commit": "3edf878d51e6f03eff70e1a7a969a19f42b6f1a1"
      },
      "database-forms": {
        "git": "https://github.com/lyudmil/database-forms.git",
        "tag": "v0.0.2",
        "commit": "9e21c15aca103a18013b6d518fe5b116f16368f0"
      },
      "crypto-md5": {
        "git": "https://github.com/oortcloud/meteor-crypto-md5.git",
        "tag": "v3.1.2.2",
        "commit": "75bbb3eeace302122d3554a6212a6fe92553fa18"
      },
      "momentjs": {
        "git": "https://github.com/crapthings/meteor-momentjs.git",
        "tag": "v2.1.0.2",
        "commit": "59a762e297082eea8b8cae00374c2b7ac6f89529"
      },
      "mailchimp": {
        "git": "https://github.com/MiroHibler/meteor-mailchimp.git",
        "tag": "v0.2.0",
        "commit": "a714b79dc4992ec2bbdbc9a152d13aab114bae3c"
      },
      "nprogress": {
        "git": "https://github.com/zhouzhuojie/meteor-nprogress.git",
        "tag": "v0.0.3",
        "commit": "ffd1c5dd400af64121197f4e637a215c4b6b1fc7"
      },
      "fast-render": {
        "git": "https://github.com/arunoda/meteor-fast-render.git",
        "tag": "v0.1.19",
        "commit": "9e9a34e51885474c0dd9ed7a64dbff7ee9d4315c"
      },
      "spin": {
        "git": "https://github.com/SachaG/meteor-spin.git",
        "tag": "v0.2.2",
        "commit": "3f655f0016228e4195acc784c45d3e3a247dc39f"
      },
      "fontawesome4": {
        "git": "https://github.com/chrismbeckett/meteor-fontawesome4.git",
        "tag": "v1.0.0",
        "commit": "fe38ec775e974f0f7855d1693dc74fd4f1b4848c"
      },
      "crypto-base": {
        "git": "https://github.com/oortcloud/meteor-crypto-base.git",
        "tag": "v3.1.2.1",
        "commit": "5df8d82a0595553415bbfae2930c6ecbeece5794"
      }
    }
  }
}
